
Microsoft Visual Studio Solution File, Format Version 12.00
# Visual Studio Version 16
VisualStudioVersion = 16.0.31105.61
MinimumVisualStudioVersion = 10.0.40219.1
Project("{FAE04EC0-301F-11D3-BF4B-00C04F79EFBC}") = "Senai.Peoples.WebAp", "Senai.Peoples.WebAp\Senai.Peoples.WebAp.csproj", "{96D0F6AC-4ED1-4945-8FF0-8D852B6B3F9B}"
EndProject
Global
	GlobalSection(SolutionConfigurationPlatforms) = preSolution
		Debug|Any CPU = Debug|Any CPU
		Release|Any CPU = Release|Any CPU
	EndGlobalSection
	GlobalSection(ProjectConfigurationPlatforms) = postSolution
		{96D0F6AC-4ED1-4945-8FF0-8D852B6B3F9B}.Debug|Any CPU.ActiveCfg = Debug|Any CPU
		{96D0F6AC-4ED1-4945-8FF0-8D852B6B3F9B}.Debug|Any CPU.Build.0 = Debug|Any CPU
		{96D0F6AC-4ED1-4945-8FF0-8D852B6B3F9B}.Release|Any CPU.ActiveCfg = Release|Any CPU
		{96D0F6AC-4ED1-4945-8FF0-8D852B6B3F9B}.Release|Any CPU.Build.0 = Release|Any CPU
	EndGlobalSection
	GlobalSection(SolutionProperties) = preSolution
		HideSolutionNode = FALSE
	EndGlobalSection
	GlobalSection(ExtensibilityGlobals) = postSolution
		SolutionGuid = {A01EB4AC-50C3-4EA5-9E87-A34C717EBFCC}
	EndGlobalSection
EndGlobal
